
Microsoft Visual Studio Solution File, Format Version 11.00
# Visual Studio 2010
# SharpDevelop 5.1
Project("{FAE04EC0-301F-11D3-BF4B-00C04F79EFBC}") = "Empresa de limpeza", "Empresa de limpeza\Empresa de limpeza.csproj", "{78EA5DB2-59F7-44A5-9266-998CB63D4D87}"
EndProject
Global
	GlobalSection(SolutionConfigurationPlatforms) = preSolution
		Debug|Any CPU = Debug|Any CPU
		Release|Any CPU = Release|Any CPU
	EndGlobalSection
	GlobalSection(ProjectConfigurationPlatforms) = postSolution
		{78EA5DB2-59F7-44A5-9266-998CB63D4D87}.Debug|Any CPU.ActiveCfg = Debug|Any CPU
		{78EA5DB2-59F7-44A5-9266-998CB63D4D87}.Debug|Any CPU.Build.0 = Debug|Any CPU
		{78EA5DB2-59F7-44A5-9266-998CB63D4D87}.Release|Any CPU.ActiveCfg = Release|Any CPU
		{78EA5DB2-59F7-44A5-9266-998CB63D4D87}.Release|Any CPU.Build.0 = Release|Any CPU
	EndGlobalSection
EndGlobal
