
Microsoft Visual Studio Solution File, Format Version 11.00
# Visual Studio 2010
# SharpDevelop 5.1
Project("{FAE04EC0-301F-11D3-BF4B-00C04F79EFBC}") = "Salário INSS", "Salário INSS\Salário INSS.csproj", "{F43C4494-9EF9-453C-8289-0A3DE8B81FFF}"
EndProject
Global
	GlobalSection(SolutionConfigurationPlatforms) = preSolution
		Debug|Any CPU = Debug|Any CPU
		Release|Any CPU = Release|Any CPU
	EndGlobalSection
	GlobalSection(ProjectConfigurationPlatforms) = postSolution
		{F43C4494-9EF9-453C-8289-0A3DE8B81FFF}.Debug|Any CPU.ActiveCfg = Debug|Any CPU
		{F43C4494-9EF9-453C-8289-0A3DE8B81FFF}.Debug|Any CPU.Build.0 = Debug|Any CPU
		{F43C4494-9EF9-453C-8289-0A3DE8B81FFF}.Release|Any CPU.ActiveCfg = Release|Any CPU
		{F43C4494-9EF9-453C-8289-0A3DE8B81FFF}.Release|Any CPU.Build.0 = Release|Any CPU
	EndGlobalSection
EndGlobal
