
Microsoft Visual Studio Solution File, Format Version 11.00
# Visual Studio 2010
# SharpDevelop 5.1
Project("{FAE04EC0-301F-11D3-BF4B-00C04F79EFBC}") = "Loja De Brinquedos 1", "Loja De Brinquedos 1\Loja De Brinquedos 1.csproj", "{D3B413AB-8AE6-409B-A0F8-B608B7325B82}"
EndProject
Global
	GlobalSection(SolutionConfigurationPlatforms) = preSolution
		Debug|Any CPU = Debug|Any CPU
		Release|Any CPU = Release|Any CPU
	EndGlobalSection
	GlobalSection(ProjectConfigurationPlatforms) = postSolution
		{D3B413AB-8AE6-409B-A0F8-B608B7325B82}.Debug|Any CPU.ActiveCfg = Debug|Any CPU
		{D3B413AB-8AE6-409B-A0F8-B608B7325B82}.Debug|Any CPU.Build.0 = Debug|Any CPU
		{D3B413AB-8AE6-409B-A0F8-B608B7325B82}.Release|Any CPU.ActiveCfg = Release|Any CPU
		{D3B413AB-8AE6-409B-A0F8-B608B7325B82}.Release|Any CPU.Build.0 = Release|Any CPU
	EndGlobalSection
EndGlobal
