
Microsoft Visual Studio Solution File, Format Version 11.00
# Visual Studio 2010
# SharpDevelop 5.1
Project("{FAE04EC0-301F-11D3-BF4B-00C04F79EFBC}") = "HorasExtras", "HorasExtras\HorasExtras.csproj", "{343EE8A0-5C9C-401A-9D5A-867DF7414547}"
EndProject
Global
	GlobalSection(SolutionConfigurationPlatforms) = preSolution
		Debug|Any CPU = Debug|Any CPU
		Release|Any CPU = Release|Any CPU
	EndGlobalSection
	GlobalSection(ProjectConfigurationPlatforms) = postSolution
		{343EE8A0-5C9C-401A-9D5A-867DF7414547}.Debug|Any CPU.ActiveCfg = Debug|Any CPU
		{343EE8A0-5C9C-401A-9D5A-867DF7414547}.Debug|Any CPU.Build.0 = Debug|Any CPU
		{343EE8A0-5C9C-401A-9D5A-867DF7414547}.Release|Any CPU.ActiveCfg = Release|Any CPU
		{343EE8A0-5C9C-401A-9D5A-867DF7414547}.Release|Any CPU.Build.0 = Release|Any CPU
	EndGlobalSection
EndGlobal
